
Microsoft Visual Studio Solution File, Format Version 12.00
# Visual Studio Version 17
VisualStudioVersion = 17.1.32328.378
MinimumVisualStudioVersion = 10.0.40219.1
Project("{FAE04EC0-301F-11D3-BF4B-00C04F79EFBC}") = "Horizon", "Horizon\Horizon.csproj", "{D602011A-A93F-4F4C-8C42-D52DE59B3C3E}"
EndProject
Project("{2150E333-8FDC-42A3-9474-1A3956D46DE8}") = "Solution Items", "Solution Items", "{F9A7B47D-7CFA-444F-80EA-3F25C9F9BB5E}"
	ProjectSection(SolutionItems) = preProject
		.editorconfig = .editorconfig
	EndProjectSection
EndProject
Project("{FAE04EC0-301F-11D3-BF4B-00C04F79EFBC}") = "Horizon.Console", "Horizon.Console\Horizon.Console.csproj", "{FEC997D6-290B-47D5-9DD3-AC082D781C35}"
EndProject
Global
	GlobalSection(SolutionConfigurationPlatforms) = preSolution
		Debug|Any CPU = Debug|Any CPU
		Release|Any CPU = Release|Any CPU
	EndGlobalSection
	GlobalSection(ProjectConfigurationPlatforms) = postSolution
		{D602011A-A93F-4F4C-8C42-D52DE59B3C3E}.Debug|Any CPU.ActiveCfg = Debug|Any CPU
		{D602011A-A93F-4F4C-8C42-D52DE59B3C3E}.Debug|Any CPU.Build.0 = Debug|Any CPU
		{D602011A-A93F-4F4C-8C42-D52DE59B3C3E}.Release|Any CPU.ActiveCfg = Release|Any CPU
		{D602011A-A93F-4F4C-8C42-D52DE59B3C3E}.Release|Any CPU.Build.0 = Release|Any CPU
		{FEC997D6-290B-47D5-9DD3-AC082D781C35}.Debug|Any CPU.ActiveCfg = Debug|Any CPU
		{FEC997D6-290B-47D5-9DD3-AC082D781C35}.Debug|Any CPU.Build.0 = Debug|Any CPU
		{FEC997D6-290B-47D5-9DD3-AC082D781C35}.Release|Any CPU.ActiveCfg = Release|Any CPU
		{FEC997D6-290B-47D5-9DD3-AC082D781C35}.Release|Any CPU.Build.0 = Release|Any CPU
	EndGlobalSection
	GlobalSection(SolutionProperties) = preSolution
		HideSolutionNode = FALSE
	EndGlobalSection
	GlobalSection(ExtensibilityGlobals) = postSolution
		SolutionGuid = {6262D4B2-2A14-42F8-80F3-A74A75291F54}
	EndGlobalSection
EndGlobal
